// !$*UTF8*$!
{
	archiveVersion = 1;
	classes = {
	};
	objectVersion = 48;
	objects = {

/* Begin PBXBuildFile section */
		499C178320FCC3210046EAC3 /* YandexMobileMetrica in Frameworks */ = {isa = PBXBuildFile; fileRef = BD874DED1FE3B14900838C25 /* YandexMobileMetrica */; };
		BD7B154F1FE2B25300CF11C7 /* RCTYandexMetricaBridge.m in Sources */ = {isa = PBXBuildFile; fileRef = BD7B154E1FE2B25300CF11C7 /* RCTYandexMetricaBridge.m */; };
		BD7B15501FE2B25300CF11C7 /* RCTYandexMetricaBridge.h in CopyFiles */ = {isa = PBXBuildFile; fileRef = BD7B154D1FE2B25300CF11C7 /* RCTYandexMetricaBridge.h */; };
/* End PBXBuildFile section */

/* Begin PBXCopyFilesBuildPhase section */
		BD7B15481FE2B25300CF11C7 /* CopyFiles */ = {
			isa = PBXCopyFilesBuildPhase;
			buildActionMask = 2147483647;
			dstPath = "include/$(PRODUCT_NAME)";
			dstSubfolderSpec = 16;
			files = (
				BD7B15501FE2B25300CF11C7 /* RCTYandexMetricaBridge.h in CopyFiles */,
			);
			runOnlyForDeploymentPostprocessing = 0;
		};
/* End PBXCopyFilesBuildPhase section */

/* Begin PBXFileReference section */
		BD7B154A1FE2B25300CF11C7 /* libRCTYandexMetricaBridge.a */ = {isa = PBXFileReference; explicitFileType = archive.ar; includeInIndex = 0; path = libRCTYandexMetricaBridge.a; sourceTree = BUILT_PRODUCTS_DIR; };
		BD7B154D1FE2B25300CF11C7 /* RCTYandexMetricaBridge.h */ = {isa = PBXFileReference; lastKnownFileType = sourcecode.c.h; path = RCTYandexMetricaBridge.h; sourceTree = "<group>"; };
		BD7B154E1FE2B25300CF11C7 /* RCTYandexMetricaBridge.m */ = {isa = PBXFileReference; lastKnownFileType = sourcecode.c.objc; path = RCTYandexMetricaBridge.m; sourceTree = "<group>"; };
		BD874DE41FE3B13500838C25 /* YandexMobileMetrica */ = {isa = PBXFileReference; lastKnownFileType = archive.ar; name = YandexMobileMetrica; path = "../yandex-metrica-lib/YandexMobileMetrica"; sourceTree = "<group>"; };
		BD874DE71FE3B14900838C25 /* YMMYandexMetrica.h */ = {isa = PBXFileReference; lastKnownFileType = sourcecode.c.h; path = YMMYandexMetrica.h; sourceTree = "<group>"; };
		BD874DE81FE3B14900838C25 /* YMMYandexMetricaPreloadInfo.h */ = {isa = PBXFileReference; lastKnownFileType = sourcecode.c.h; path = YMMYandexMetricaPreloadInfo.h; sourceTree = "<group>"; };
		BD874DE91FE3B14900838C25 /* YMMYandexMetricaReporting.h */ = {isa = PBXFileReference; lastKnownFileType = sourcecode.c.h; path = YMMYandexMetricaReporting.h; sourceTree = "<group>"; };
		BD874DEA1FE3B14900838C25 /* YandexMobileMetrica.h */ = {isa = PBXFileReference; lastKnownFileType = sourcecode.c.h; path = YandexMobileMetrica.h; sourceTree = "<group>"; };
		BD874DEB1FE3B14900838C25 /* YMMVersion.h */ = {isa = PBXFileReference; lastKnownFileType = sourcecode.c.h; path = YMMVersion.h; sourceTree = "<group>"; };
		BD874DEC1FE3B14900838C25 /* YMMYandexMetricaConfiguration.h */ = {isa = PBXFileReference; lastKnownFileType = sourcecode.c.h; path = YMMYandexMetricaConfiguration.h; sourceTree = "<group>"; };
		BD874DED1FE3B14900838C25 /* YandexMobileMetrica */ = {isa = PBXFileReference; lastKnownFileType = archive.ar; path = YandexMobileMetrica; sourceTree = "<group>"; };
/* End PBXFileReference section */

/* Begin PBXFrameworksBuildPhase section */
		BD7B15471FE2B25300CF11C7 /* Frameworks */ = {
			isa = PBXFrameworksBuildPhase;
			buildActionMask = 2147483647;
			files = (
				499C178320FCC3210046EAC3 /* YandexMobileMetrica in Frameworks */,
			);
			runOnlyForDeploymentPostprocessing = 0;
		};
/* End PBXFrameworksBuildPhase section */

/* Begin PBXGroup section */
		BD7B15411FE2B25300CF11C7 = {
			isa = PBXGroup;
			children = (
				BD874DE61FE3B14900838C25 /* yandex-metrica-lib */,
				BD7B154C1FE2B25300CF11C7 /* RCTYandexMetricaBridge */,
				BD7B154B1FE2B25300CF11C7 /* Products */,
				BD874DE31FE3B13500838C25 /* Frameworks */,
			);
			sourceTree = "<group>";
		};
		BD7B154B1FE2B25300CF11C7 /* Products */ = {
			isa = PBXGroup;
			children = (
				BD7B154A1FE2B25300CF11C7 /* libRCTYandexMetricaBridge.a */,
			);
			name = Products;
			sourceTree = "<group>";
		};
		BD7B154C1FE2B25300CF11C7 /* RCTYandexMetricaBridge */ = {
			isa = PBXGroup;
			children = (
				BD7B154D1FE2B25300CF11C7 /* RCTYandexMetricaBridge.h */,
				BD7B154E1FE2B25300CF11C7 /* RCTYandexMetricaBridge.m */,
			);
			path = RCTYandexMetricaBridge;
			sourceTree = "<group>";
		};
		BD874DE31FE3B13500838C25 /* Frameworks */ = {
			isa = PBXGroup;
			children = (
				BD874DE41FE3B13500838C25 /* YandexMobileMetrica */,
			);
			name = Frameworks;
			sourceTree = "<group>";
		};
		BD874DE61FE3B14900838C25 /* yandex-metrica-lib */ = {
			isa = PBXGroup;
			children = (
				BD874DE71FE3B14900838C25 /* YMMYandexMetrica.h */,
				BD874DE81FE3B14900838C25 /* YMMYandexMetricaPreloadInfo.h */,
				BD874DE91FE3B14900838C25 /* YMMYandexMetricaReporting.h */,
				BD874DEA1FE3B14900838C25 /* YandexMobileMetrica.h */,
				BD874DEB1FE3B14900838C25 /* YMMVersion.h */,
				BD874DEC1FE3B14900838C25 /* YMMYandexMetricaConfiguration.h */,
				BD874DED1FE3B14900838C25 /* YandexMobileMetrica */,
			);
			name = "yandex-metrica-lib";
			path = "../yandex-metrica-lib";
			sourceTree = "<group>";
		};
/* End PBXGroup section */

/* Begin PBXNativeTarget section */
		BD7B15491FE2B25300CF11C7 /* RCTYandexMetricaBridge */ = {
			isa = PBXNativeTarget;
			buildConfigurationList = BD7B15531FE2B25300CF11C7 /* Build configuration list for PBXNativeTarget "RCTYandexMetricaBridge" */;
			buildPhases = (
				BD7B15461FE2B25300CF11C7 /* Sources */,
				BD7B15471FE2B25300CF11C7 /* Frameworks */,
				BD7B15481FE2B25300CF11C7 /* CopyFiles */,
			);
			buildRules = (
			);
			dependencies = (
			);
			name = RCTYandexMetricaBridge;
			productName = RCTYandexMetricaBridge;
			productReference = BD7B154A1FE2B25300CF11C7 /* libRCTYandexMetricaBridge.a */;
			productType = "com.apple.product-type.library.static";
		};
/* End PBXNativeTarget section */

/* Begin PBXProject section */
		BD7B15421FE2B25300CF11C7 /* Project object */ = {
			isa = PBXProject;
			attributes = {
				LastUpgradeCheck = 0920;
				ORGANIZATIONNAME = "Dmitry Chernyatiev";
				TargetAttributes = {
					BD7B15491FE2B25300CF11C7 = {
						CreatedOnToolsVersion = 9.2;
						ProvisioningStyle = Automatic;
					};
				};
			};
			buildConfigurationList = BD7B15451FE2B25300CF11C7 /* Build configuration list for PBXProject "RCTYandexMetricaBridge" */;
			compatibilityVersion = "Xcode 8.0";
			developmentRegion = en;
			hasScannedForEncodings = 0;
			knownRegions = (
				en,
			);
			mainGroup = BD7B15411FE2B25300CF11C7;
			productRefGroup = BD7B154B1FE2B25300CF11C7 /* Products */;
			projectDirPath = "";
			projectRoot = "";
			targets = (
				BD7B15491FE2B25300CF11C7 /* RCTYandexMetricaBridge */,
			);
		};
/* End PBXProject section */

/* Begin PBXSourcesBuildPhase section */
		BD7B15461FE2B25300CF11C7 /* Sources */ = {
			isa = PBXSourcesBuildPhase;
			buildActionMask = 2147483647;
			files = (
				BD7B154F1FE2B25300CF11C7 /* RCTYandexMetricaBridge.m in Sources */,
			);
			runOnlyForDeploymentPostprocessing = 0;
		};
/* End PBXSourcesBuildPhase section */

/* Begin XCBuildConfiguration section */
		BD7B15511FE2B25300CF11C7 /* Debug */ = {
			isa = XCBuildConfiguration;
			buildSettings = {
				ALWAYS_SEARCH_USER_PATHS = NO;
				CLANG_ANALYZER_NONNULL = YES;
				CLANG_ANALYZER_NUMBER_OBJECT_CONVERSION = YES_AGGRESSIVE;
				CLANG_CXX_LANGUAGE_STANDARD = "gnu++14";
				CLANG_CXX_LIBRARY = "libc++";
				CLANG_ENABLE_MODULES = YES;
				CLANG_ENABLE_OBJC_ARC = YES;
				CLANG_WARN_BLOCK_CAPTURE_AUTORELEASING = YES;
				CLANG_WARN_BOOL_CONVERSION = YES;
				CLANG_WARN_COMMA = YES;
				CLANG_WARN_CONSTANT_CONVERSION = YES;
				CLANG_WARN_DIRECT_OBJC_ISA_USAGE = YES_ERROR;
				CLANG_WARN_DOCUMENTATION_COMMENTS = YES;
				CLANG_WARN_EMPTY_BODY = YES;
				CLANG_WARN_ENUM_CONVERSION = YES;
				CLANG_WARN_INFINITE_RECURSION = YES;
				CLANG_WARN_INT_CONVERSION = YES;
				CLANG_WARN_NON_LITERAL_NULL_CONVERSION = YES;
				CLANG_WARN_OBJC_LITERAL_CONVERSION = YES;
				CLANG_WARN_OBJC_ROOT_CLASS = YES_ERROR;
				CLANG_WARN_RANGE_LOOP_ANALYSIS = YES;
				CLANG_WARN_STRICT_PROTOTYPES = YES;
				CLANG_WARN_SUSPICIOUS_MOVE = YES;
				CLANG_WARN_UNGUARDED_AVAILABILITY = YES_AGGRESSIVE;
				CLANG_WARN_UNREACHABLE_CODE = YES;
				CLANG_WARN__DUPLICATE_METHOD_MATCH = YES;
				CODE_SIGN_IDENTITY = "iPhone Developer";
				COPY_PHASE_STRIP = NO;
				DEBUG_INFORMATION_FORMAT = dwarf;
				ENABLE_STRICT_OBJC_MSGSEND = YES;
				ENABLE_TESTABILITY = YES;
				FRAMEWORK_SEARCH_PATHS = "";
				GCC_C_LANGUAGE_STANDARD = gnu11;
				GCC_DYNAMIC_NO_PIC = NO;
				GCC_NO_COMMON_BLOCKS = YES;
				GCC_OPTIMIZATION_LEVEL = 0;
				GCC_PREPROCESSOR_DEFINITIONS = (
					"DEBUG=1",
					"$(inherited)",
				);
				GCC_WARN_64_TO_32_BIT_CONVERSION = YES;
				GCC_WARN_ABOUT_RETURN_TYPE = YES_ERROR;
				GCC_WARN_UNDECLARED_SELECTOR = YES;
				GCC_WARN_UNINITIALIZED_AUTOS = YES_AGGRESSIVE;
				GCC_WARN_UNUSED_FUNCTION = YES;
				GCC_WARN_UNUSED_VARIABLE = YES;
				IPHONEOS_DEPLOYMENT_TARGET = 7.0;
				MTL_ENABLE_DEBUG_INFO = YES;
				ONLY_ACTIVE_ARCH = YES;
				SDKROOT = iphoneos;
			};
			name = Debug;
		};
		BD7B15521FE2B25300CF11C7 /* Release */ = {
			isa = XCBuildConfiguration;
			buildSettings = {
				ALWAYS_SEARCH_USER_PATHS = NO;
				CLANG_ANALYZER_NONNULL = YES;
				CLANG_ANALYZER_NUMBER_OBJECT_CONVERSION = YES_AGGRESSIVE;
				CLANG_CXX_LANGUAGE_STANDARD = "gnu++14";
				CLANG_CXX_LIBRARY = "libc++";
				CLANG_ENABLE_MODULES = YES;
				CLANG_ENABLE_OBJC_ARC = YES;
				CLANG_WARN_BLOCK_CAPTURE_AUTORELEASING = YES;
				CLANG_WARN_BOOL_CONVERSION = YES;
				CLANG_WARN_COMMA = YES;
				CLANG_WARN_CONSTANT_CONVERSION = YES;
				CLANG_WARN_DIRECT_OBJC_ISA_USAGE = YES_ERROR;
				CLANG_WARN_DOCUMENTATION_COMMENTS = YES;
				CLANG_WARN_EMPTY_BODY = YES;
				CLANG_WARN_ENUM_CONVERSION = YES;
				CLANG_WARN_INFINITE_RECURSION = YES;
				CLANG_WARN_INT_CONVERSION = YES;
				CLANG_WARN_NON_LITERAL_NULL_CONVERSION = YES;
				CLANG_WARN_OBJC_LITERAL_CONVERSION = YES;
				CLANG_WARN_OBJC_ROOT_CLASS = YES_ERROR;
				CLANG_WARN_RANGE_LOOP_ANALYSIS = YES;
				CLANG_WARN_STRICT_PROTOTYPES = YES;
				CLANG_WARN_SUSPICIOUS_MOVE = YES;
				CLANG_WARN_UNGUARDED_AVAILABILITY = YES_AGGRESSIVE;
				CLANG_WARN_UNREACHABLE_CODE = YES;
				CLANG_WARN__DUPLICATE_METHOD_MATCH = YES;
				CODE_SIGN_IDENTITY = "iPhone Developer";
				COPY_PHASE_STRIP = NO;
				DEBUG_INFORMATION_FORMAT = "dwarf-with-dsym";
				ENABLE_NS_ASSERTIONS = NO;
				ENABLE_STRICT_OBJC_MSGSEND = YES;
				FRAMEWORK_SEARCH_PATHS = "";
				GCC_C_LANGUAGE_STANDARD = gnu11;
				GCC_NO_COMMON_BLOCKS = YES;
				GCC_WARN_64_TO_32_BIT_CONVERSION = YES;
				GCC_WARN_ABOUT_RETURN_TYPE = YES_ERROR;
				GCC_WARN_UNDECLARED_SELECTOR = YES;
				GCC_WARN_UNINITIALIZED_AUTOS = YES_AGGRESSIVE;
				GCC_WARN_UNUSED_FUNCTION = YES;
				GCC_WARN_UNUSED_VARIABLE = YES;
				IPHONEOS_DEPLOYMENT_TARGET = 7.0;
				MTL_ENABLE_DEBUG_INFO = NO;
				SDKROOT = iphoneos;
				VALIDATE_PRODUCT = YES;
			};
			name = Release;
		};
		BD7B15541FE2B25300CF11C7 /* Debug */ = {
			isa = XCBuildConfiguration;
			buildSettings = {
				CODE_SIGN_STYLE = Automatic;
				FRAMEWORK_SEARCH_PATHS = "";
				OTHER_LDFLAGS = "-ObjC";
				PRODUCT_NAME = "$(TARGET_NAME)";
				SKIP_INSTALL = YES;
				TARGETED_DEVICE_FAMILY = 1;
			};
			name = Debug;
		};
		BD7B15551FE2B25300CF11C7 /* Release */ = {
			isa = XCBuildConfiguration;
			buildSettings = {
				CODE_SIGN_STYLE = Automatic;
				FRAMEWORK_SEARCH_PATHS = "";
				OTHER_LDFLAGS = "-ObjC";
				PRODUCT_NAME = "$(TARGET_NAME)";
				SKIP_INSTALL = YES;
				TARGETED_DEVICE_FAMILY = 1;
			};
			name = Release;
		};
/* End XCBuildConfiguration section */

/* Begin XCConfigurationList section */
		BD7B15451FE2B25300CF11C7 /* Build configuration list for PBXProject "RCTYandexMetricaBridge" */ = {
			isa = XCConfigurationList;
			buildConfigurations = (
				BD7B15511FE2B25300CF11C7 /* Debug */,
				BD7B15521FE2B25300CF11C7 /* Release */,
			);
			defaultConfigurationIsVisible = 0;
			defaultConfigurationName = Release;
		};
		BD7B15531FE2B25300CF11C7 /* Build configuration list for PBXNativeTarget "RCTYandexMetricaBridge" */ = {
			isa = XCConfigurationList;
			buildConfigurations = (
				BD7B15541FE2B25300CF11C7 /* Debug */,
				BD7B15551FE2B25300CF11C7 /* Release */,
			);
			defaultConfigurationIsVisible = 0;
			defaultConfigurationName = Release;
		};
/* End XCConfigurationList section */
	};
	rootObject = BD7B15421FE2B25300CF11C7 /* Project object */;
}
